
Microsoft Visual Studio Solution File, Format Version 11.00
# Visual Studio 2010
Project("{FAE04EC0-301F-11D3-BF4B-00C04F79EFBC}") = "Assembly-CSharp", "Assembly-CSharp.csproj", "{9A943394-008F-69E9-7F38-99C61905C88D}"
EndProject
Project("{FAE04EC0-301F-11D3-BF4B-00C04F79EFBC}") = "NavMeshComponents", "NavMeshComponents.csproj", "{A93233ED-0894-6FD7-D44E-AAB5F075AD4D}"
EndProject
Project("{FAE04EC0-301F-11D3-BF4B-00C04F79EFBC}") = "NavMeshComponentsEditor", "NavMeshComponentsEditor.csproj", "{3DD27F77-9489-6FDE-D79D-3F22B3BE2228}"
EndProject
Global
	GlobalSection(SolutionConfigurationPlatforms) = preSolution
		Debug|Any CPU = Debug|Any CPU
		Release|Any CPU = Release|Any CPU
	EndGlobalSection
	GlobalSection(ProjectConfigurationPlatforms) = postSolution
		{9A943394-008F-69E9-7F38-99C61905C88D}.Debug|Any CPU.ActiveCfg = Debug|Any CPU
		{9A943394-008F-69E9-7F38-99C61905C88D}.Debug|Any CPU.Build.0 = Debug|Any CPU
		{9A943394-008F-69E9-7F38-99C61905C88D}.Release|Any CPU.ActiveCfg = Release|Any CPU
		{9A943394-008F-69E9-7F38-99C61905C88D}.Release|Any CPU.Build.0 = Release|Any CPU
		{A93233ED-0894-6FD7-D44E-AAB5F075AD4D}.Debug|Any CPU.ActiveCfg = Debug|Any CPU
		{A93233ED-0894-6FD7-D44E-AAB5F075AD4D}.Debug|Any CPU.Build.0 = Debug|Any CPU
		{A93233ED-0894-6FD7-D44E-AAB5F075AD4D}.Release|Any CPU.ActiveCfg = Release|Any CPU
		{A93233ED-0894-6FD7-D44E-AAB5F075AD4D}.Release|Any CPU.Build.0 = Release|Any CPU
		{3DD27F77-9489-6FDE-D79D-3F22B3BE2228}.Debug|Any CPU.ActiveCfg = Debug|Any CPU
		{3DD27F77-9489-6FDE-D79D-3F22B3BE2228}.Debug|Any CPU.Build.0 = Debug|Any CPU
		{3DD27F77-9489-6FDE-D79D-3F22B3BE2228}.Release|Any CPU.ActiveCfg = Release|Any CPU
		{3DD27F77-9489-6FDE-D79D-3F22B3BE2228}.Release|Any CPU.Build.0 = Release|Any CPU
	EndGlobalSection
	GlobalSection(SolutionProperties) = preSolution
		HideSolutionNode = FALSE
	EndGlobalSection
EndGlobal
